
Microsoft Visual Studio Solution File, Format Version 12.00
# Visual Studio Version 17
VisualStudioVersion = 17.6.33723.286
MinimumVisualStudioVersion = 10.0.40219.1
Project("{FAE04EC0-301F-11D3-BF4B-00C04F79EFBC}") = "iTunesController", "iTunesController\iTunesController.csproj", "{69B0D2F5-7494-49F1-AE41-4BB26EA34218}"
EndProject
Project("{FAE04EC0-301F-11D3-BF4B-00C04F79EFBC}") = "iTunesControllerLib", "iTunesControllerLib\iTunesControllerLib.csproj", "{FE10A8EF-296C-41B5-AA6E-5542EE51A6C6}"
EndProject
Global
	GlobalSection(SolutionConfigurationPlatforms) = preSolution
		Debug|Any CPU = Debug|Any CPU
		Release|Any CPU = Release|Any CPU
	EndGlobalSection
	GlobalSection(ProjectConfigurationPlatforms) = postSolution
		{69B0D2F5-7494-49F1-AE41-4BB26EA34218}.Debug|Any CPU.ActiveCfg = Debug|Any CPU
		{69B0D2F5-7494-49F1-AE41-4BB26EA34218}.Debug|Any CPU.Build.0 = Debug|Any CPU
		{69B0D2F5-7494-49F1-AE41-4BB26EA34218}.Release|Any CPU.ActiveCfg = Release|Any CPU
		{69B0D2F5-7494-49F1-AE41-4BB26EA34218}.Release|Any CPU.Build.0 = Release|Any CPU
		{FE10A8EF-296C-41B5-AA6E-5542EE51A6C6}.Debug|Any CPU.ActiveCfg = Debug|Any CPU
		{FE10A8EF-296C-41B5-AA6E-5542EE51A6C6}.Debug|Any CPU.Build.0 = Debug|Any CPU
		{FE10A8EF-296C-41B5-AA6E-5542EE51A6C6}.Release|Any CPU.ActiveCfg = Release|Any CPU
		{FE10A8EF-296C-41B5-AA6E-5542EE51A6C6}.Release|Any CPU.Build.0 = Release|Any CPU
	EndGlobalSection
	GlobalSection(SolutionProperties) = preSolution
		HideSolutionNode = FALSE
	EndGlobalSection
	GlobalSection(ExtensibilityGlobals) = postSolution
		SolutionGuid = {C4EA3EEA-D8CE-452D-BBEE-4B2882ABBDD9}
	EndGlobalSection
EndGlobal
